
Microsoft Visual Studio Solution File, Format Version 12.00
# Visual Studio Version 17
VisualStudioVersion = 17.0.31612.314
MinimumVisualStudioVersion = 10.0.40219.1
Project("{FAE04EC0-301F-11D3-BF4B-00C04F79EFBC}") = "asp.net_core5-web-0001", "asp.net_core5-web-0001\asp.net_core5-web-0001.csproj", "{D61DB37B-D538-48AC-95F0-6E0F89D2B51C}"
EndProject
Global
	GlobalSection(SolutionConfigurationPlatforms) = preSolution
		Debug|Any CPU = Debug|Any CPU
		Release|Any CPU = Release|Any CPU
	EndGlobalSection
	GlobalSection(ProjectConfigurationPlatforms) = postSolution
		{D61DB37B-D538-48AC-95F0-6E0F89D2B51C}.Debug|Any CPU.ActiveCfg = Debug|Any CPU
		{D61DB37B-D538-48AC-95F0-6E0F89D2B51C}.Debug|Any CPU.Build.0 = Debug|Any CPU
		{D61DB37B-D538-48AC-95F0-6E0F89D2B51C}.Release|Any CPU.ActiveCfg = Release|Any CPU
		{D61DB37B-D538-48AC-95F0-6E0F89D2B51C}.Release|Any CPU.Build.0 = Release|Any CPU
	EndGlobalSection
	GlobalSection(SolutionProperties) = preSolution
		HideSolutionNode = FALSE
	EndGlobalSection
	GlobalSection(ExtensibilityGlobals) = postSolution
		SolutionGuid = {094A8076-B1B8-4383-8C1D-01A4C6E0CBDE}
	EndGlobalSection
EndGlobal
